
Microsoft Visual Studio Solution File, Format Version 12.00
Project("{FAE04EC0-301F-11D3-BF4B-00C04F79EFBC}") = "BethanysPieShopFHM", "BethanysPieShopFHM\BethanysPieShopFHM.csproj", "{D2E382BB-4384-4F05-8613-A6B2B6F951C5}"
EndProject
Project("{FAE04EC0-301F-11D3-BF4B-00C04F79EFBC}") = "BethanysPieShopHRM.Shared", "BethanysPieShopHRM.Shared\BethanysPieShopHRM.Shared.csproj", "{87EE21E3-1878-4662-A51B-D881734F7EE5}"
EndProject
Global
	GlobalSection(SolutionConfigurationPlatforms) = preSolution
		Debug|Any CPU = Debug|Any CPU
		Release|Any CPU = Release|Any CPU
	EndGlobalSection
	GlobalSection(ProjectConfigurationPlatforms) = postSolution
		{D2E382BB-4384-4F05-8613-A6B2B6F951C5}.Debug|Any CPU.ActiveCfg = Debug|Any CPU
		{D2E382BB-4384-4F05-8613-A6B2B6F951C5}.Debug|Any CPU.Build.0 = Debug|Any CPU
		{D2E382BB-4384-4F05-8613-A6B2B6F951C5}.Release|Any CPU.ActiveCfg = Release|Any CPU
		{D2E382BB-4384-4F05-8613-A6B2B6F951C5}.Release|Any CPU.Build.0 = Release|Any CPU
		{87EE21E3-1878-4662-A51B-D881734F7EE5}.Debug|Any CPU.ActiveCfg = Debug|Any CPU
		{87EE21E3-1878-4662-A51B-D881734F7EE5}.Debug|Any CPU.Build.0 = Debug|Any CPU
		{87EE21E3-1878-4662-A51B-D881734F7EE5}.Release|Any CPU.ActiveCfg = Release|Any CPU
		{87EE21E3-1878-4662-A51B-D881734F7EE5}.Release|Any CPU.Build.0 = Release|Any CPU
	EndGlobalSection
EndGlobal
